{
  "lockfileVersion": 1,
  "configVersion": 1,
  "workspaces": {
    "": {
      "name": "harbor-sdk",
      "devDependencies": {
        "@types/node": "^22.0.0",
        "typedoc": "^0.28.19",
        "typescript": "catalog:",
      },
    },
    "apps/harbor-backend": {
      "name": "@hrbr/harbor-backend",
      "dependencies": {
        "@hrbr/ai": "workspace:*",
        "@hrbr/client": "workspace:*",
        "@hrbr/common": "workspace:*",
        "@hrbr/harbor-control": "workspace:*",
        "@hrbr/orbit": "workspace:*",
        "@hrbr/plugins": "workspace:*",
        "@hrbr/registry": "workspace:*",
        "@hrbr/runs": "workspace:*",
        "@hrbr/source-core": "workspace:*",
        "@hrbr/source-credentials": "workspace:*",
        "@hrbr/source-policy": "workspace:*",
        "@hrbr/tools": "workspace:*",
        "@hrbr/workflows": "workspace:*",
        "@hrbr/workspaces": "workspace:*",
      },
      "devDependencies": {
        "@hrbr/tsconfig": "workspace:*",
        "@types/bun": "^1.3.12",
        "typescript": "catalog:",
      },
    },
    "examples/sdk-custom-source": {
      "name": "sdk-custom-source-example",
      "dependencies": {
        "@hrbr/runs": "workspace:*",
        "@hrbr/source-core": "workspace:*",
        "@hrbr/source-credentials": "workspace:*",
        "@hrbr/source-mcp": "workspace:*",
        "@hrbr/source-policy": "workspace:*",
        "@hrbr/tools": "workspace:*",
        "@hrbr/workflows": "workspace:*",
      },
      "devDependencies": {
        "@hrbr/tsconfig": "workspace:*",
        "typescript": "catalog:",
      },
    },
    "examples/sdk-orbit-runtime": {
      "name": "sdk-orbit-runtime-example",
      "dependencies": {
        "@hrbr/orbit": "workspace:*",
      },
      "devDependencies": {
        "@hrbr/tsconfig": "workspace:*",
        "typescript": "catalog:",
      },
    },
    "examples/sdk-tool-catalog": {
      "name": "sdk-tool-catalog-example",
      "dependencies": {
        "@hrbr/client": "workspace:*",
      },
      "devDependencies": {
        "@hrbr/tsconfig": "workspace:*",
        "typescript": "catalog:",
      },
    },
    "examples/tool-registry-linear-notion": {
      "name": "tool-registry-linear-notion-example",
      "dependencies": {
        "@hrbr/runs": "workspace:*",
        "@hrbr/source-core": "workspace:*",
        "@hrbr/source-credentials": "workspace:*",
        "@hrbr/source-policy": "workspace:*",
        "@hrbr/tools": "workspace:*",
      },
      "devDependencies": {
        "@hrbr/tsconfig": "workspace:*",
        "typescript": "catalog:",
      },
    },
    "packages/sdk/ai": {
      "name": "@hrbr/ai",
      "devDependencies": {
        "@hrbr/tsconfig": "workspace:*",
        "typescript": "catalog:",
      },
    },
    "packages/sdk/catalog": {
      "name": "@hrbr/catalog",
      "dependencies": {
        "@hrbr/registry": "workspace:*",
        "@hrbr/registry-catalog": "workspace:*",
      },
      "devDependencies": {
        "@hrbr/tsconfig": "workspace:*",
        "typescript": "catalog:",
      },
    },
    "packages/sdk/client": {
      "name": "@hrbr/client",
      "dependencies": {
        "@hrbr/harbor-control": "workspace:*",
        "@hrbr/runs": "workspace:*",
        "@hrbr/sources": "workspace:*",
        "@hrbr/tools": "workspace:*",
        "@hrbr/workspaces": "workspace:*",
        "effect": "catalog:",
      },
      "devDependencies": {
        "@hrbr/tsconfig": "workspace:*",
        "typescript": "catalog:",
      },
    },
    "packages/sdk/common": {
      "name": "@hrbr/common",
      "dependencies": {
        "effect": "catalog:",
      },
      "devDependencies": {
        "@hrbr/tsconfig": "workspace:*",
        "typescript": "catalog:",
      },
    },
    "packages/sdk/harbor-control": {
      "name": "@hrbr/harbor-control",
      "dependencies": {
        "@hrbr/registry": "workspace:*",
        "effect": "catalog:",
      },
      "devDependencies": {
        "@hrbr/tsconfig": "workspace:*",
        "typescript": "catalog:",
      },
    },
    "packages/sdk/orbit": {
      "name": "@hrbr/orbit",
      "dependencies": {
        "effect": "catalog:",
        "esbuild": "^0.27.3",
      },
      "devDependencies": {
        "@hrbr/tsconfig": "workspace:*",
        "@types/node": "^22.0.0",
        "typescript": "catalog:",
      },
    },
    "packages/sdk/plugin-identifiers": {
      "name": "@hrbr/plugin-identifiers",
      "devDependencies": {
        "@hrbr/tsconfig": "workspace:*",
        "typescript": "catalog:",
      },
    },
    "packages/sdk/plugins": {
      "name": "@hrbr/plugins",
      "dependencies": {
        "@hrbr/sand": "workspace:*",
        "effect": "catalog:",
      },
      "devDependencies": {
        "@hrbr/tsconfig": "workspace:*",
        "typescript": "catalog:",
      },
    },
    "packages/sdk/registry": {
      "name": "@hrbr/registry",
      "dependencies": {
        "@hrbr/plugins": "workspace:*",
        "@hrbr/registry-catalog": "workspace:*",
        "@hrbr/sand": "workspace:*",
        "effect": "catalog:",
      },
      "devDependencies": {
        "@hrbr/tsconfig": "workspace:*",
        "typescript": "catalog:",
      },
    },
    "packages/sdk/registry-catalog": {
      "name": "@hrbr/registry-catalog",
      "devDependencies": {
        "@hrbr/tsconfig": "workspace:*",
        "typescript": "catalog:",
      },
    },
    "packages/sdk/roles": {
      "name": "@hrbr/roles",
      "dependencies": {
        "effect": "catalog:",
      },
      "devDependencies": {
        "@hrbr/tsconfig": "workspace:*",
        "typescript": "catalog:",
      },
    },
    "packages/sdk/runs": {
      "name": "@hrbr/runs",
      "dependencies": {
        "effect": "catalog:",
      },
      "devDependencies": {
        "@hrbr/tsconfig": "workspace:*",
        "typescript": "catalog:",
      },
    },
    "packages/sdk/runtime-cloudflare": {
      "name": "@hrbr/runtime-cloudflare",
      "dependencies": {
        "@hrbr/orbit": "workspace:*",
      },
      "devDependencies": {
        "@hrbr/tsconfig": "workspace:*",
        "typescript": "catalog:",
      },
    },
    "packages/sdk/runtime-local": {
      "name": "@hrbr/runtime-local",
      "dependencies": {
        "@hrbr/orbit": "workspace:*",
        "@hrbr/tools": "workspace:*",
        "@jitl/quickjs-ng-wasmfile-release-sync": "^0.32.0",
        "quickjs-emscripten-core": "^0.32.0",
      },
      "devDependencies": {
        "@hrbr/tsconfig": "workspace:*",
        "typescript": "catalog:",
      },
    },
    "packages/sdk/sand": {
      "name": "@hrbr/sand",
      "dependencies": {
        "effect": "catalog:",
      },
      "devDependencies": {
        "@hrbr/tsconfig": "workspace:*",
        "typescript": "catalog:",
      },
    },
    "packages/sdk/sdk": {
      "name": "@hrbr/sdk",
      "dependencies": {
        "@hrbr/ai": "workspace:*",
        "@hrbr/client": "workspace:*",
        "@hrbr/common": "workspace:*",
        "@hrbr/orbit": "workspace:*",
        "@hrbr/plugins": "workspace:*",
        "@hrbr/runs": "workspace:*",
        "@hrbr/runtime-cloudflare": "workspace:*",
        "@hrbr/runtime-local": "workspace:*",
        "@hrbr/source-core": "workspace:*",
        "@hrbr/source-credentials": "workspace:*",
        "@hrbr/source-mcp": "workspace:*",
        "@hrbr/source-policy": "workspace:*",
        "@hrbr/sources": "workspace:*",
        "@hrbr/tools": "workspace:*",
        "@hrbr/workflows": "workspace:*",
        "@hrbr/workspaces": "workspace:*",
      },
      "devDependencies": {
        "@hrbr/tsconfig": "workspace:*",
        "typescript": "catalog:",
      },
    },
    "packages/sdk/source-auth": {
      "name": "@hrbr/source-auth",
      "dependencies": {
        "effect": "catalog:",
      },
      "devDependencies": {
        "@hrbr/tsconfig": "workspace:*",
        "typescript": "catalog:",
      },
    },
    "packages/sdk/source-core": {
      "name": "@hrbr/source-core",
      "dependencies": {
        "effect": "catalog:",
      },
      "devDependencies": {
        "@hrbr/tsconfig": "workspace:*",
        "typescript": "catalog:",
      },
    },
    "packages/sdk/source-credentials": {
      "name": "@hrbr/source-credentials",
      "dependencies": {
        "@hrbr/source-core": "workspace:*",
        "effect": "catalog:",
      },
      "devDependencies": {
        "@hrbr/tsconfig": "workspace:*",
        "typescript": "catalog:",
      },
    },
    "packages/sdk/source-mcp": {
      "name": "@hrbr/source-mcp",
      "dependencies": {
        "@hrbr/source-core": "workspace:*",
      },
      "devDependencies": {
        "@hrbr/source-credentials": "workspace:*",
        "@hrbr/tools": "workspace:*",
        "@hrbr/tsconfig": "workspace:*",
        "typescript": "catalog:",
      },
    },
    "packages/sdk/source-policy": {
      "name": "@hrbr/source-policy",
      "dependencies": {
        "@hrbr/catalog": "workspace:*",
        "@hrbr/source-auth": "workspace:*",
        "@hrbr/source-core": "workspace:*",
        "@hrbr/source-credentials": "workspace:*",
        "effect": "catalog:",
      },
      "devDependencies": {
        "@hrbr/tsconfig": "workspace:*",
        "typescript": "catalog:",
      },
    },
    "packages/sdk/sources": {
      "name": "@hrbr/sources",
      "dependencies": {
        "@hrbr/plugins": "workspace:*",
        "@hrbr/registry": "workspace:*",
      },
      "devDependencies": {
        "@hrbr/tsconfig": "workspace:*",
        "typescript": "catalog:",
      },
    },
    "packages/sdk/tools": {
      "name": "@hrbr/tools",
      "dependencies": {
        "@hrbr/plugins": "workspace:*",
        "@hrbr/runs": "workspace:*",
        "@hrbr/source-core": "workspace:*",
        "@hrbr/source-credentials": "workspace:*",
        "@hrbr/source-policy": "workspace:*",
      },
      "devDependencies": {
        "@hrbr/tsconfig": "workspace:*",
        "typescript": "catalog:",
      },
    },
    "packages/sdk/workspaces": {
      "name": "@hrbr/workspaces",
      "dependencies": {
        "@hrbr/roles": "workspace:*",
        "effect": "catalog:",
      },
      "devDependencies": {
        "@hrbr/tsconfig": "workspace:*",
        "typescript": "catalog:",
      },
    },
    "packages/tsconfig": {
      "name": "@hrbr/tsconfig",
    },
    "packages/workflows": {
      "name": "@hrbr/workflows",
      "dependencies": {
        "@hrbr/runs": "workspace:*",
        "@hrbr/tools": "workspace:*",
        "effect": "catalog:",
      },
      "devDependencies": {
        "@hrbr/source-core": "workspace:*",
        "@hrbr/tsconfig": "workspace:*",
        "@types/node": "^22.0.0",
        "typescript": "catalog:",
      },
    },
  },
  "trustedDependencies": [
    "esbuild",
  ],
  "catalog": {
    "effect": "4.0.0-beta.64",
    "typescript": "^5.9.3",
  },
  "packages": {
    "@esbuild/aix-ppc64": ["@esbuild/aix-ppc64@0.27.7", "", { "os": "aix", "cpu": "ppc64" }, "sha512-EKX3Qwmhz1eMdEJokhALr0YiD0lhQNwDqkPYyPhiSwKrh7/4KRjQc04sZ8db+5DVVnZ1LmbNDI1uAMPEUBnQPg=="],

    "@esbuild/android-arm": ["@esbuild/android-arm@0.27.7", "", { "os": "android", "cpu": "arm" }, "sha512-jbPXvB4Yj2yBV7HUfE2KHe4GJX51QplCN1pGbYjvsyCZbQmies29EoJbkEc+vYuU5o45AfQn37vZlyXy4YJ8RQ=="],

    "@esbuild/android-arm64": ["@esbuild/android-arm64@0.27.7", "", { "os": "android", "cpu": "arm64" }, "sha512-62dPZHpIXzvChfvfLJow3q5dDtiNMkwiRzPylSCfriLvZeq0a1bWChrGx/BbUbPwOrsWKMn8idSllklzBy+dgQ=="],

    "@esbuild/android-x64": ["@esbuild/android-x64@0.27.7", "", { "os": "android", "cpu": "x64" }, "sha512-x5VpMODneVDb70PYV2VQOmIUUiBtY3D3mPBG8NxVk5CogneYhkR7MmM3yR/uMdITLrC1ml/NV1rj4bMJuy9MCg=="],

    "@esbuild/darwin-arm64": ["@esbuild/darwin-arm64@0.27.7", "", { "os": "darwin", "cpu": "arm64" }, "sha512-5lckdqeuBPlKUwvoCXIgI2D9/ABmPq3Rdp7IfL70393YgaASt7tbju3Ac+ePVi3KDH6N2RqePfHnXkaDtY9fkw=="],

    "@esbuild/darwin-x64": ["@esbuild/darwin-x64@0.27.7", "", { "os": "darwin", "cpu": "x64" }, "sha512-rYnXrKcXuT7Z+WL5K980jVFdvVKhCHhUwid+dDYQpH+qu+TefcomiMAJpIiC2EM3Rjtq0sO3StMV/+3w3MyyqQ=="],

    "@esbuild/freebsd-arm64": ["@esbuild/freebsd-arm64@0.27.7", "", { "os": "freebsd", "cpu": "arm64" }, "sha512-B48PqeCsEgOtzME2GbNM2roU29AMTuOIN91dsMO30t+Ydis3z/3Ngoj5hhnsOSSwNzS+6JppqWsuhTp6E82l2w=="],

    "@esbuild/freebsd-x64": ["@esbuild/freebsd-x64@0.27.7", "", { "os": "freebsd", "cpu": "x64" }, "sha512-jOBDK5XEjA4m5IJK3bpAQF9/Lelu/Z9ZcdhTRLf4cajlB+8VEhFFRjWgfy3M1O4rO2GQ/b2dLwCUGpiF/eATNQ=="],

    "@esbuild/linux-arm": ["@esbuild/linux-arm@0.27.7", "", { "os": "linux", "cpu": "arm" }, "sha512-RkT/YXYBTSULo3+af8Ib0ykH8u2MBh57o7q/DAs3lTJlyVQkgQvlrPTnjIzzRPQyavxtPtfg0EopvDyIt0j1rA=="],

    "@esbuild/linux-arm64": ["@esbuild/linux-arm64@0.27.7", "", { "os": "linux", "cpu": "arm64" }, "sha512-RZPHBoxXuNnPQO9rvjh5jdkRmVizktkT7TCDkDmQ0W2SwHInKCAV95GRuvdSvA7w4VMwfCjUiPwDi0ZO6Nfe9A=="],

    "@esbuild/linux-ia32": ["@esbuild/linux-ia32@0.27.7", "", { "os": "linux", "cpu": "ia32" }, "sha512-GA48aKNkyQDbd3KtkplYWT102C5sn/EZTY4XROkxONgruHPU72l+gW+FfF8tf2cFjeHaRbWpOYa/uRBz/Xq1Pg=="],

    "@esbuild/linux-loong64": ["@esbuild/linux-loong64@0.27.7", "", { "os": "linux", "cpu": "none" }, "sha512-a4POruNM2oWsD4WKvBSEKGIiWQF8fZOAsycHOt6JBpZ+JN2n2JH9WAv56SOyu9X5IqAjqSIPTaJkqN8F7XOQ5Q=="],

    "@esbuild/linux-mips64el": ["@esbuild/linux-mips64el@0.27.7", "", { "os": "linux", "cpu": "none" }, "sha512-KabT5I6StirGfIz0FMgl1I+R1H73Gp0ofL9A3nG3i/cYFJzKHhouBV5VWK1CSgKvVaG4q1RNpCTR2LuTVB3fIw=="],

    "@esbuild/linux-ppc64": ["@esbuild/linux-ppc64@0.27.7", "", { "os": "linux", "cpu": "ppc64" }, "sha512-gRsL4x6wsGHGRqhtI+ifpN/vpOFTQtnbsupUF5R5YTAg+y/lKelYR1hXbnBdzDjGbMYjVJLJTd2OFmMewAgwlQ=="],

    "@esbuild/linux-riscv64": ["@esbuild/linux-riscv64@0.27.7", "", { "os": "linux", "cpu": "none" }, "sha512-hL25LbxO1QOngGzu2U5xeXtxXcW+/GvMN3ejANqXkxZ/opySAZMrc+9LY/WyjAan41unrR3YrmtTsUpwT66InQ=="],

    "@esbuild/linux-s390x": ["@esbuild/linux-s390x@0.27.7", "", { "os": "linux", "cpu": "s390x" }, "sha512-2k8go8Ycu1Kb46vEelhu1vqEP+UeRVj2zY1pSuPdgvbd5ykAw82Lrro28vXUrRmzEsUV0NzCf54yARIK8r0fdw=="],

    "@esbuild/linux-x64": ["@esbuild/linux-x64@0.27.7", "", { "os": "linux", "cpu": "x64" }, "sha512-hzznmADPt+OmsYzw1EE33ccA+HPdIqiCRq7cQeL1Jlq2gb1+OyWBkMCrYGBJ+sxVzve2ZJEVeePbLM2iEIZSxA=="],

    "@esbuild/netbsd-arm64": ["@esbuild/netbsd-arm64@0.27.7", "", { "os": "none", "cpu": "arm64" }, "sha512-b6pqtrQdigZBwZxAn1UpazEisvwaIDvdbMbmrly7cDTMFnw/+3lVxxCTGOrkPVnsYIosJJXAsILG9XcQS+Yu6w=="],

    "@esbuild/netbsd-x64": ["@esbuild/netbsd-x64@0.27.7", "", { "os": "none", "cpu": "x64" }, "sha512-OfatkLojr6U+WN5EDYuoQhtM+1xco+/6FSzJJnuWiUw5eVcicbyK3dq5EeV/QHT1uy6GoDhGbFpprUiHUYggrw=="],

    "@esbuild/openbsd-arm64": ["@esbuild/openbsd-arm64@0.27.7", "", { "os": "openbsd", "cpu": "arm64" }, "sha512-AFuojMQTxAz75Fo8idVcqoQWEHIXFRbOc1TrVcFSgCZtQfSdc1RXgB3tjOn/krRHENUB4j00bfGjyl2mJrU37A=="],

    "@esbuild/openbsd-x64": ["@esbuild/openbsd-x64@0.27.7", "", { "os": "openbsd", "cpu": "x64" }, "sha512-+A1NJmfM8WNDv5CLVQYJ5PshuRm/4cI6WMZRg1by1GwPIQPCTs1GLEUHwiiQGT5zDdyLiRM/l1G0Pv54gvtKIg=="],

    "@esbuild/openharmony-arm64": ["@esbuild/openharmony-arm64@0.27.7", "", { "os": "none", "cpu": "arm64" }, "sha512-+KrvYb/C8zA9CU/g0sR6w2RBw7IGc5J2BPnc3dYc5VJxHCSF1yNMxTV5LQ7GuKteQXZtspjFbiuW5/dOj7H4Yw=="],

    "@esbuild/sunos-x64": ["@esbuild/sunos-x64@0.27.7", "", { "os": "sunos", "cpu": "x64" }, "sha512-ikktIhFBzQNt/QDyOL580ti9+5mL/YZeUPKU2ivGtGjdTYoqz6jObj6nOMfhASpS4GU4Q/Clh1QtxWAvcYKamA=="],

    "@esbuild/win32-arm64": ["@esbuild/win32-arm64@0.27.7", "", { "os": "win32", "cpu": "arm64" }, "sha512-7yRhbHvPqSpRUV7Q20VuDwbjW5kIMwTHpptuUzV+AA46kiPze5Z7qgt6CLCK3pWFrHeNfDd1VKgyP4O+ng17CA=="],

    "@esbuild/win32-ia32": ["@esbuild/win32-ia32@0.27.7", "", { "os": "win32", "cpu": "ia32" }, "sha512-SmwKXe6VHIyZYbBLJrhOoCJRB/Z1tckzmgTLfFYOfpMAx63BJEaL9ExI8x7v0oAO3Zh6D/Oi1gVxEYr5oUCFhw=="],

    "@esbuild/win32-x64": ["@esbuild/win32-x64@0.27.7", "", { "os": "win32", "cpu": "x64" }, "sha512-56hiAJPhwQ1R4i+21FVF7V8kSD5zZTdHcVuRFMW0hn753vVfQN8xlx4uOPT4xoGH0Z/oVATuR82AiqSTDIpaHg=="],

    "@gerrit0/mini-shiki": ["@gerrit0/mini-shiki@3.23.0", "", { "dependencies": { "@shikijs/engine-oniguruma": "^3.23.0", "@shikijs/langs": "^3.23.0", "@shikijs/themes": "^3.23.0", "@shikijs/types": "^3.23.0", "@shikijs/vscode-textmate": "^10.0.2" } }, "sha512-bEMORlG0cqdjVyCEuU0cDQbORWX+kYCeo0kV1lbxF5bt4r7SID2l9bqsxJEM0zndaxpOUT7riCyIVEuqq/Ynxg=="],

    "@hrbr/ai": ["@hrbr/ai@workspace:packages/sdk/ai"],

    "@hrbr/catalog": ["@hrbr/catalog@workspace:packages/sdk/catalog"],

    "@hrbr/client": ["@hrbr/client@workspace:packages/sdk/client"],

    "@hrbr/common": ["@hrbr/common@workspace:packages/sdk/common"],

    "@hrbr/harbor-backend": ["@hrbr/harbor-backend@workspace:apps/harbor-backend"],

    "@hrbr/harbor-control": ["@hrbr/harbor-control@workspace:packages/sdk/harbor-control"],

    "@hrbr/orbit": ["@hrbr/orbit@workspace:packages/sdk/orbit"],

    "@hrbr/plugin-identifiers": ["@hrbr/plugin-identifiers@workspace:packages/sdk/plugin-identifiers"],

    "@hrbr/plugins": ["@hrbr/plugins@workspace:packages/sdk/plugins"],

    "@hrbr/registry": ["@hrbr/registry@workspace:packages/sdk/registry"],

    "@hrbr/registry-catalog": ["@hrbr/registry-catalog@workspace:packages/sdk/registry-catalog"],

    "@hrbr/roles": ["@hrbr/roles@workspace:packages/sdk/roles"],

    "@hrbr/runs": ["@hrbr/runs@workspace:packages/sdk/runs"],

    "@hrbr/runtime-cloudflare": ["@hrbr/runtime-cloudflare@workspace:packages/sdk/runtime-cloudflare"],

    "@hrbr/runtime-local": ["@hrbr/runtime-local@workspace:packages/sdk/runtime-local"],

    "@hrbr/sand": ["@hrbr/sand@workspace:packages/sdk/sand"],

    "@hrbr/sdk": ["@hrbr/sdk@workspace:packages/sdk/sdk"],

    "@hrbr/source-auth": ["@hrbr/source-auth@workspace:packages/sdk/source-auth"],

    "@hrbr/source-core": ["@hrbr/source-core@workspace:packages/sdk/source-core"],

    "@hrbr/source-credentials": ["@hrbr/source-credentials@workspace:packages/sdk/source-credentials"],

    "@hrbr/source-mcp": ["@hrbr/source-mcp@workspace:packages/sdk/source-mcp"],

    "@hrbr/source-policy": ["@hrbr/source-policy@workspace:packages/sdk/source-policy"],

    "@hrbr/sources": ["@hrbr/sources@workspace:packages/sdk/sources"],

    "@hrbr/tools": ["@hrbr/tools@workspace:packages/sdk/tools"],

    "@hrbr/tsconfig": ["@hrbr/tsconfig@workspace:packages/tsconfig"],

    "@hrbr/workflows": ["@hrbr/workflows@workspace:packages/workflows"],

    "@hrbr/workspaces": ["@hrbr/workspaces@workspace:packages/sdk/workspaces"],

    "@jitl/quickjs-ffi-types": ["@jitl/quickjs-ffi-types@0.32.0", "", {}, "sha512-v9T+GQpmk43VDJ7d72sf0Nexhk+ArvtUihW27dy7lqAl0zBObFKtSBBIm5RBjwIhE8VwsPPm9PNuvPvNqLWUEg=="],

    "@jitl/quickjs-ng-wasmfile-release-sync": ["@jitl/quickjs-ng-wasmfile-release-sync@0.32.0", "", { "dependencies": { "@jitl/quickjs-ffi-types": "0.32.0" } }, "sha512-XAX2jjZWWh3M0YaRqi82xMKNW/gkF6mo3MpW3UY2cmVxnQai1JuboVsJQVoLU629iEL4XWvHtO4h5lo7NRnAcg=="],

    "@msgpackr-extract/msgpackr-extract-darwin-arm64": ["@msgpackr-extract/msgpackr-extract-darwin-arm64@3.0.3", "", { "os": "darwin", "cpu": "arm64" }, "sha512-QZHtlVgbAdy2zAqNA9Gu1UpIuI8Xvsd1v8ic6B2pZmeFnFcMWiPLfWXh7TVw4eGEZ/C9TH281KwhVoeQUKbyjw=="],

    "@msgpackr-extract/msgpackr-extract-darwin-x64": ["@msgpackr-extract/msgpackr-extract-darwin-x64@3.0.3", "", { "os": "darwin", "cpu": "x64" }, "sha512-mdzd3AVzYKuUmiWOQ8GNhl64/IoFGol569zNRdkLReh6LRLHOXxU4U8eq0JwaD8iFHdVGqSy4IjFL4reoWCDFw=="],

    "@msgpackr-extract/msgpackr-extract-linux-arm": ["@msgpackr-extract/msgpackr-extract-linux-arm@3.0.3", "", { "os": "linux", "cpu": "arm" }, "sha512-fg0uy/dG/nZEXfYilKoRe7yALaNmHoYeIoJuJ7KJ+YyU2bvY8vPv27f7UKhGRpY6euFYqEVhxCFZgAUNQBM3nw=="],

    "@msgpackr-extract/msgpackr-extract-linux-arm64": ["@msgpackr-extract/msgpackr-extract-linux-arm64@3.0.3", "", { "os": "linux", "cpu": "arm64" }, "sha512-YxQL+ax0XqBJDZiKimS2XQaf+2wDGVa1enVRGzEvLLVFeqa5kx2bWbtcSXgsxjQB7nRqqIGFIcLteF/sHeVtQg=="],

    "@msgpackr-extract/msgpackr-extract-linux-x64": ["@msgpackr-extract/msgpackr-extract-linux-x64@3.0.3", "", { "os": "linux", "cpu": "x64" }, "sha512-cvwNfbP07pKUfq1uH+S6KJ7dT9K8WOE4ZiAcsrSes+UY55E/0jLYc+vq+DO7jlmqRb5zAggExKm0H7O/CBaesg=="],

    "@msgpackr-extract/msgpackr-extract-win32-x64": ["@msgpackr-extract/msgpackr-extract-win32-x64@3.0.3", "", { "os": "win32", "cpu": "x64" }, "sha512-x0fWaQtYp4E6sktbsdAqnehxDgEc/VwM7uLsRCYWaiGu0ykYdZPiS8zCWdnjHwyiumousxfBm4SO31eXqwEZhQ=="],

    "@shikijs/engine-oniguruma": ["@shikijs/engine-oniguruma@3.23.0", "", { "dependencies": { "@shikijs/types": "3.23.0", "@shikijs/vscode-textmate": "^10.0.2" } }, "sha512-1nWINwKXxKKLqPibT5f4pAFLej9oZzQTsby8942OTlsJzOBZ0MWKiwzMsd+jhzu8YPCHAswGnnN1YtQfirL35g=="],

    "@shikijs/langs": ["@shikijs/langs@3.23.0", "", { "dependencies": { "@shikijs/types": "3.23.0" } }, "sha512-2Ep4W3Re5aB1/62RSYQInK9mM3HsLeB91cHqznAJMuylqjzNVAVCMnNWRHFtcNHXsoNRayP9z1qj4Sq3nMqYXg=="],

    "@shikijs/themes": ["@shikijs/themes@3.23.0", "", { "dependencies": { "@shikijs/types": "3.23.0" } }, "sha512-5qySYa1ZgAT18HR/ypENL9cUSGOeI2x+4IvYJu4JgVJdizn6kG4ia5Q1jDEOi7gTbN4RbuYtmHh0W3eccOrjMA=="],

    "@shikijs/types": ["@shikijs/types@3.23.0", "", { "dependencies": { "@shikijs/vscode-textmate": "^10.0.2", "@types/hast": "^3.0.4" } }, "sha512-3JZ5HXOZfYjsYSk0yPwBrkupyYSLpAE26Qc0HLghhZNGTZg/SKxXIIgoxOpmmeQP0RRSDJTk1/vPfw9tbw+jSQ=="],

    "@shikijs/vscode-textmate": ["@shikijs/vscode-textmate@10.0.2", "", {}, "sha512-83yeghZ2xxin3Nj8z1NMd/NCuca+gsYXswywDy5bHvwlWL8tpTQmzGeUuHd9FC3E/SBEMvzJRwWEOz5gGes9Qg=="],

    "@standard-schema/spec": ["@standard-schema/spec@1.1.0", "", {}, "sha512-l2aFy5jALhniG5HgqrD6jXLi/rUWrKvqN/qJx6yoJsgKhblVd+iqqU4RCXavm/jPityDo5TCvKMnpjKnOriy0w=="],

    "@types/bun": ["@types/bun@1.3.13", "", { "dependencies": { "bun-types": "1.3.13" } }, "sha512-9fqXWk5YIHGGnUau9TEi+qdlTYDAnOj+xLCmSTwXfAIqXr2x4tytJb43E9uCvt09zJURKXwAtkoH4nLQfzeTXw=="],

    "@types/hast": ["@types/hast@3.0.4", "", { "dependencies": { "@types/unist": "*" } }, "sha512-WPs+bbQw5aCj+x6laNGWLH3wviHtoCv/P3+otBhbOhJgG8qtpdAMlTCxLtsTWA7LH1Oh/bFCHsBn0TPS5m30EQ=="],

    "@types/node": ["@types/node@22.19.18", "", { "dependencies": { "undici-types": "~6.21.0" } }, "sha512-9v00a+dn2yWVsYDEunWC4g/TcRKVq3r8N5FuZp7u0SGrPvdN9c2yXI9bBuf5Fl0hNCb+QTIePTn5pJs2pwBOQQ=="],

    "@types/unist": ["@types/unist@3.0.3", "", {}, "sha512-ko/gIFJRv177XgZsZcBwnqJN5x/Gien8qNOn0D5bQU/zAzVf9Zt3BlcUiLqhV9y4ARk0GbT3tnUiPNgnTXzc/Q=="],

    "argparse": ["argparse@2.0.1", "", {}, "sha512-8+9WqebbFzpX9OR+Wa6O29asIogeRMzcGtAINdpMHHyAg10f05aSFVBbcEqGf/PXw1EjAZ+q2/bEBg3DvurK3Q=="],

    "balanced-match": ["balanced-match@4.0.4", "", {}, "sha512-BLrgEcRTwX2o6gGxGOCNyMvGSp35YofuYzw9h1IMTRmKqttAZZVU67bdb9Pr2vUHA8+j3i2tJfjO6C6+4myGTA=="],

    "brace-expansion": ["brace-expansion@5.0.6", "", { "dependencies": { "balanced-match": "^4.0.2" } }, "sha512-kLpxurY4Z4r9sgMsyG0Z9uzsBlgiU/EFKhj/h91/8yHu0edo7XuixOIH3VcJ8kkxs6/jPzoI6U9Vj3WqbMQ94g=="],

    "bun-types": ["bun-types@1.3.13", "", { "dependencies": { "@types/node": "*" } }, "sha512-QXKeHLlOLqQX9LgYaHJfzdBaV21T63HhFJnvuRCcjZiaUDpbs5ED1MgxbMra71CsryN/1dAoXuJJJwIv/2drVA=="],

    "detect-libc": ["detect-libc@2.1.2", "", {}, "sha512-Btj2BOOO83o3WyH59e8MgXsxEQVcarkUOpEYrubB0urwnN10yQ364rsiByU11nZlqWYZm05i/of7io4mzihBtQ=="],

    "effect": ["effect@4.0.0-beta.64", "", { "dependencies": { "@standard-schema/spec": "^1.1.0", "fast-check": "^4.6.0", "find-my-way-ts": "^0.1.6", "ini": "^6.0.0", "kubernetes-types": "^1.30.0", "msgpackr": "^1.11.9", "multipasta": "^0.2.7", "toml": "^4.1.1", "uuid": "^13.0.0", "yaml": "^2.8.3" } }, "sha512-xI332I9guVLsqvLg7aO62IuWq9LiCMs+u5dhr4JDyND2ndYXAk5eaR8KMqtYLoJg1Ie28VQToYPM+xBLEBU3pQ=="],

    "entities": ["entities@4.5.0", "", {}, "sha512-V0hjH4dGPh9Ao5p0MoRY6BVqtwCjhz6vI5LT8AJ55H+4g9/4vbHx1I54fS0XuclLhDHArPQCiMjDxjaL8fPxhw=="],

    "esbuild": ["esbuild@0.27.7", "", { "optionalDependencies": { "@esbuild/aix-ppc64": "0.27.7", "@esbuild/android-arm": "0.27.7", "@esbuild/android-arm64": "0.27.7", "@esbuild/android-x64": "0.27.7", "@esbuild/darwin-arm64": "0.27.7", "@esbuild/darwin-x64": "0.27.7", "@esbuild/freebsd-arm64": "0.27.7", "@esbuild/freebsd-x64": "0.27.7", "@esbuild/linux-arm": "0.27.7", "@esbuild/linux-arm64": "0.27.7", "@esbuild/linux-ia32": "0.27.7", "@esbuild/linux-loong64": "0.27.7", "@esbuild/linux-mips64el": "0.27.7", "@esbuild/linux-ppc64": "0.27.7", "@esbuild/linux-riscv64": "0.27.7", "@esbuild/linux-s390x": "0.27.7", "@esbuild/linux-x64": "0.27.7", "@esbuild/netbsd-arm64": "0.27.7", "@esbuild/netbsd-x64": "0.27.7", "@esbuild/openbsd-arm64": "0.27.7", "@esbuild/openbsd-x64": "0.27.7", "@esbuild/openharmony-arm64": "0.27.7", "@esbuild/sunos-x64": "0.27.7", "@esbuild/win32-arm64": "0.27.7", "@esbuild/win32-ia32": "0.27.7", "@esbuild/win32-x64": "0.27.7" }, "bin": { "esbuild": "bin/esbuild" } }, "sha512-IxpibTjyVnmrIQo5aqNpCgoACA/dTKLTlhMHihVHhdkxKyPO1uBBthumT0rdHmcsk9uMonIWS0m4FljWzILh3w=="],

    "fast-check": ["fast-check@4.7.0", "", { "dependencies": { "pure-rand": "^8.0.0" } }, "sha512-NsZRtqvSSoCP0HbNjUD+r1JH8zqZalyp6gLY9e7OYs7NK9b6AHOs2baBFeBG7bVNsuoukh89x2Yg3rPsul8ziQ=="],

    "find-my-way-ts": ["find-my-way-ts@0.1.6", "", {}, "sha512-a85L9ZoXtNAey3Y6Z+eBWW658kO/MwR7zIafkIUPUMf3isZG0NCs2pjW2wtjxAKuJPxMAsHUIP4ZPGv0o5gyTA=="],

    "ini": ["ini@6.0.0", "", {}, "sha512-IBTdIkzZNOpqm7q3dRqJvMaldXjDHWkEDfrwGEQTs5eaQMWV+djAhR+wahyNNMAa+qpbDUhBMVt4ZKNwpPm7xQ=="],

    "kubernetes-types": ["kubernetes-types@1.30.0", "", {}, "sha512-Dew1okvhM/SQcIa2rcgujNndZwU8VnSapDgdxlYoB84ZlpAD43U6KLAFqYo17ykSFGHNPrg0qry0bP+GJd9v7Q=="],

    "linkify-it": ["linkify-it@5.0.0", "", { "dependencies": { "uc.micro": "^2.0.0" } }, "sha512-5aHCbzQRADcdP+ATqnDuhhJ/MRIqDkZX5pyjFHRRysS8vZ5AbqGEoFIb6pYHPZ+L/OC2Lc+xT8uHVVR5CAK/wQ=="],

    "lunr": ["lunr@2.3.9", "", {}, "sha512-zTU3DaZaF3Rt9rhN3uBMGQD3dD2/vFQqnvZCDv4dl5iOzq2IZQqTxu90r4E5J+nP70J3ilqVCrbho2eWaeW8Ow=="],

    "markdown-it": ["markdown-it@14.1.1", "", { "dependencies": { "argparse": "^2.0.1", "entities": "^4.4.0", "linkify-it": "^5.0.0", "mdurl": "^2.0.0", "punycode.js": "^2.3.1", "uc.micro": "^2.1.0" }, "bin": { "markdown-it": "bin/markdown-it.mjs" } }, "sha512-BuU2qnTti9YKgK5N+IeMubp14ZUKUUw7yeJbkjtosvHiP0AZ5c8IAgEMk79D0eC8F23r4Ac/q8cAIFdm2FtyoA=="],

    "mdurl": ["mdurl@2.0.0", "", {}, "sha512-Lf+9+2r+Tdp5wXDXC4PcIBjTDtq4UKjCPMQhKIuzpJNW0b96kVqSwW0bT7FhRSfmAiFYgP+SCRvdrDozfh0U5w=="],

    "minimatch": ["minimatch@10.2.5", "", { "dependencies": { "brace-expansion": "^5.0.5" } }, "sha512-MULkVLfKGYDFYejP07QOurDLLQpcjk7Fw+7jXS2R2czRQzR56yHRveU5NDJEOviH+hETZKSkIk5c+T23GjFUMg=="],

    "msgpackr": ["msgpackr@1.11.12", "", { "optionalDependencies": { "msgpackr-extract": "^3.0.2" } }, "sha512-RBdJ1Un7yGlXWajrkxcSa93nvQ0w4zBf60c0yYv7YtBelP8H2FA7XsfBbMHtXKXUMUxH7zV3Zuozh+kUQWhHvg=="],

    "msgpackr-extract": ["msgpackr-extract@3.0.3", "", { "dependencies": { "node-gyp-build-optional-packages": "5.2.2" }, "optionalDependencies": { "@msgpackr-extract/msgpackr-extract-darwin-arm64": "3.0.3", "@msgpackr-extract/msgpackr-extract-darwin-x64": "3.0.3", "@msgpackr-extract/msgpackr-extract-linux-arm": "3.0.3", "@msgpackr-extract/msgpackr-extract-linux-arm64": "3.0.3", "@msgpackr-extract/msgpackr-extract-linux-x64": "3.0.3", "@msgpackr-extract/msgpackr-extract-win32-x64": "3.0.3" }, "bin": { "download-msgpackr-prebuilds": "bin/download-prebuilds.js" } }, "sha512-P0efT1C9jIdVRefqjzOQ9Xml57zpOXnIuS+csaB4MdZbTdmGDLo8XhzBG1N7aO11gKDDkJvBLULeFTo46wwreA=="],

    "multipasta": ["multipasta@0.2.7", "", {}, "sha512-KPA58d68KgGil15oDqXjkUBEBYc00XvbPj5/X+dyzeo/lWm9Nc25pQRlf1D+gv4OpK7NM0J1odrbu9JNNGvynA=="],

    "node-gyp-build-optional-packages": ["node-gyp-build-optional-packages@5.2.2", "", { "dependencies": { "detect-libc": "^2.0.1" }, "bin": { "node-gyp-build-optional-packages": "bin.js", "node-gyp-build-optional-packages-optional": "optional.js", "node-gyp-build-optional-packages-test": "build-test.js" } }, "sha512-s+w+rBWnpTMwSFbaE0UXsRlg7hU4FjekKU4eyAih5T8nJuNZT1nNsskXpxmeqSK9UzkBl6UgRlnKc8hz8IEqOw=="],

    "punycode.js": ["punycode.js@2.3.1", "", {}, "sha512-uxFIHU0YlHYhDQtV4R9J6a52SLx28BCjT+4ieh7IGbgwVJWO+km431c4yRlREUAsAmt/uMjQUyQHNEPf0M39CA=="],

    "pure-rand": ["pure-rand@8.4.0", "", {}, "sha512-IoM8YF/jY0hiugFo/wOWqfmarlE6J0wc6fDK1PhftMk7MGhVZl88sZimmqBBFomLOCSmcCCpsfj7wXASCpvK9A=="],

    "quickjs-emscripten-core": ["quickjs-emscripten-core@0.32.0", "", { "dependencies": { "@jitl/quickjs-ffi-types": "0.32.0" } }, "sha512-QFnPfjFey8EqknSrSxe1hZrf1/8z7/6s1QzGOmKo6++02r7QRRX7ZoyNaZh7JuVjWsVW87KnQrbZqnHkOAzUyg=="],

    "sdk-custom-source-example": ["sdk-custom-source-example@workspace:examples/sdk-custom-source"],

    "sdk-orbit-runtime-example": ["sdk-orbit-runtime-example@workspace:examples/sdk-orbit-runtime"],

    "sdk-tool-catalog-example": ["sdk-tool-catalog-example@workspace:examples/sdk-tool-catalog"],

    "toml": ["toml@4.1.1", "", {}, "sha512-EBJnVBr3dTXdA89WVFoAIPUqkBjxPMwRqsfuo1r240tKFHXv3zgca4+NJib/h6TyvGF7vOawz0jGuryJCdNHrw=="],

    "tool-registry-linear-notion-example": ["tool-registry-linear-notion-example@workspace:examples/tool-registry-linear-notion"],

    "typedoc": ["typedoc@0.28.19", "", { "dependencies": { "@gerrit0/mini-shiki": "^3.23.0", "lunr": "^2.3.9", "markdown-it": "^14.1.1", "minimatch": "^10.2.5", "yaml": "^2.8.3" }, "peerDependencies": { "typescript": "5.0.x || 5.1.x || 5.2.x || 5.3.x || 5.4.x || 5.5.x || 5.6.x || 5.7.x || 5.8.x || 5.9.x || 6.0.x" }, "bin": { "typedoc": "bin/typedoc" } }, "sha512-wKh+lhdmMFivMlc6vRRcMGXeGEHGU2g8a2CkPTJjJlwRf1iXbimWIPcFolCqe4E0d/FRtGszpIrsp3WLpDB8Pw=="],

    "typescript": ["typescript@5.9.3", "", { "bin": { "tsc": "bin/tsc", "tsserver": "bin/tsserver" } }, "sha512-jl1vZzPDinLr9eUt3J/t7V6FgNEw9QjvBPdysz9KfQDD41fQrC2Y4vKQdiaUpFT4bXlb1RHhLpp8wtm6M5TgSw=="],

    "uc.micro": ["uc.micro@2.1.0", "", {}, "sha512-ARDJmphmdvUk6Glw7y9DQ2bFkKBHwQHLi2lsaH6PPmz/Ka9sFOBsBluozhDltWmnv9u/cF6Rt87znRTPV+yp/A=="],

    "undici-types": ["undici-types@6.21.0", "", {}, "sha512-iwDZqg0QAGrg9Rav5H4n0M64c3mkR59cJ6wQp+7C4nI0gsmExaedaYLNO44eT4AtBBwjbTiGPMlt2Md0T9H9JQ=="],

    "uuid": ["uuid@13.0.2", "", { "bin": { "uuid": "dist-node/bin/uuid" } }, "sha512-vzi9uRZ926x4XV73S/4qQaTwPXM2JBj6/6lI/byHH1jOpCzb0zDbfytgA9LcN/hzb2l7WQSQnxITOVx5un/wGw=="],

    "yaml": ["yaml@2.9.0", "", { "bin": { "yaml": "bin.mjs" } }, "sha512-2AvhNX3mb8zd6Zy7INTtSpl1F15HW6Wnqj0srWlkKLcpYl/gMIMJiyuGq2KeI2YFxUPjdlB+3Lc10seMLtL4cA=="],
  }
}
